<?xml version="1.0" encoding="utf-8"?>
<Project ToolsVersion="4.0" xmlns="http://schemas.microsoft.com/developer/msbuild/2003">
  <ItemGroup>
    <ClCompile Include="main.cpp" />
  </ItemGroup>
  <ItemGroup>
    <Filter Include="PyCure">
      <UniqueIdentifier>{dc71c1ff-0579-4944-b3ec-be5f4d8b274e}</UniqueIdentifier>
    </Filter>
  </ItemGroup>
  <ItemGroup>
    <ClInclude Include="..\include\PyCure.h">
      <Filter>PyCure</Filter>
    </ClInclude>
  </ItemGroup>
</Project>